
Microsoft Visual Studio Solution File, Format Version 12.00
# Visual Studio Version 16
VisualStudioVersion = 16.0.31025.194
MinimumVisualStudioVersion = 10.0.40219.1
Project("{FAE04EC0-301F-11D3-BF4B-00C04F79EFBC}") = "Proiect_PIU", "Proiect_PIU\Proiect_PIU.csproj", "{8706B243-2401-4318-BB4A-9BFEE0481D57}"
EndProject
Project("{2150E333-8FDC-42A3-9474-1A3956D46DE8}") = "Solution Items", "Solution Items", "{C834C5EE-C065-453A-AAE8-7406DE5A12A8}"
	ProjectSection(SolutionItems) = preProject
		Cheltuiala.cs = Cheltuiala.cs
		Venit.cs = Venit.cs
	EndProjectSection
EndProject
Global
	GlobalSection(SolutionConfigurationPlatforms) = preSolution
		Debug|Any CPU = Debug|Any CPU
		Release|Any CPU = Release|Any CPU
	EndGlobalSection
	GlobalSection(ProjectConfigurationPlatforms) = postSolution
		{8706B243-2401-4318-BB4A-9BFEE0481D57}.Debug|Any CPU.ActiveCfg = Debug|Any CPU
		{8706B243-2401-4318-BB4A-9BFEE0481D57}.Debug|Any CPU.Build.0 = Debug|Any CPU
		{8706B243-2401-4318-BB4A-9BFEE0481D57}.Release|Any CPU.ActiveCfg = Release|Any CPU
		{8706B243-2401-4318-BB4A-9BFEE0481D57}.Release|Any CPU.Build.0 = Release|Any CPU
	EndGlobalSection
	GlobalSection(SolutionProperties) = preSolution
		HideSolutionNode = FALSE
	EndGlobalSection
	GlobalSection(ExtensibilityGlobals) = postSolution
		SolutionGuid = {53A160EE-E888-45C3-AEC2-ED0517FFFF04}
	EndGlobalSection
EndGlobal
